
Microsoft Visual Studio Solution File, Format Version 12.00
# Visual Studio Version 17
VisualStudioVersion = 17.2.32616.157
MinimumVisualStudioVersion = 10.0.40219.1
Project("{FAE04EC0-301F-11D3-BF4B-00C04F79EFBC}") = "OSSAzureApp", "OSSAzureApp\OSSAzureApp.csproj", "{058DBDBA-DB4F-44F6-AFD6-D8964500734A}"
EndProject
Global
	GlobalSection(SolutionConfigurationPlatforms) = preSolution
		Debug|Any CPU = Debug|Any CPU
		Release|Any CPU = Release|Any CPU
	EndGlobalSection
	GlobalSection(ProjectConfigurationPlatforms) = postSolution
		{058DBDBA-DB4F-44F6-AFD6-D8964500734A}.Debug|Any CPU.ActiveCfg = Debug|Any CPU
		{058DBDBA-DB4F-44F6-AFD6-D8964500734A}.Debug|Any CPU.Build.0 = Debug|Any CPU
		{058DBDBA-DB4F-44F6-AFD6-D8964500734A}.Release|Any CPU.ActiveCfg = Release|Any CPU
		{058DBDBA-DB4F-44F6-AFD6-D8964500734A}.Release|Any CPU.Build.0 = Release|Any CPU
	EndGlobalSection
	GlobalSection(SolutionProperties) = preSolution
		HideSolutionNode = FALSE
	EndGlobalSection
	GlobalSection(ExtensibilityGlobals) = postSolution
		SolutionGuid = {38D6644C-E601-43CD-BAF2-10D10AB83027}
	EndGlobalSection
EndGlobal
